
Microsoft Visual Studio Solution File, Format Version 12.00
# Visual Studio 15
VisualStudioVersion = 15.0.28010.2048
MinimumVisualStudioVersion = 10.0.40219.1
Project("{FAE04EC0-301F-11D3-BF4B-00C04F79EFBC}") = "PartialViewsSample", "PartialViewsSample\PartialViewsSample.csproj", "{55AE78CB-26F1-4065-85A8-9A46DB219DEC}"
EndProject
Global
	GlobalSection(SolutionConfigurationPlatforms) = preSolution
		Debug|Any CPU = Debug|Any CPU
		Release|Any CPU = Release|Any CPU
	EndGlobalSection
	GlobalSection(ProjectConfigurationPlatforms) = postSolution
		{55AE78CB-26F1-4065-85A8-9A46DB219DEC}.Debug|Any CPU.ActiveCfg = Debug|Any CPU
		{55AE78CB-26F1-4065-85A8-9A46DB219DEC}.Debug|Any CPU.Build.0 = Debug|Any CPU
		{55AE78CB-26F1-4065-85A8-9A46DB219DEC}.Release|Any CPU.ActiveCfg = Release|Any CPU
		{55AE78CB-26F1-4065-85A8-9A46DB219DEC}.Release|Any CPU.Build.0 = Release|Any CPU
	EndGlobalSection
	GlobalSection(SolutionProperties) = preSolution
		HideSolutionNode = FALSE
	EndGlobalSection
	GlobalSection(ExtensibilityGlobals) = postSolution
		SolutionGuid = {E511984C-7571-4E42-B9DE-CF225B66CABD}
	EndGlobalSection
EndGlobal
