
Microsoft Visual Studio Solution File, Format Version 12.00
# Visual Studio 15
VisualStudioVersion = 15.0.28010.2048
MinimumVisualStudioVersion = 10.0.40219.1
Project("{FAE04EC0-301F-11D3-BF4B-00C04F79EFBC}") = "TagHelperSample", "TagHelperSample\TagHelperSample.csproj", "{F948EC55-7C41-443A-937B-6E82AE0FA2DA}"
EndProject
Global
	GlobalSection(SolutionConfigurationPlatforms) = preSolution
		Debug|Any CPU = Debug|Any CPU
		Release|Any CPU = Release|Any CPU
	EndGlobalSection
	GlobalSection(ProjectConfigurationPlatforms) = postSolution
		{F948EC55-7C41-443A-937B-6E82AE0FA2DA}.Debug|Any CPU.ActiveCfg = Debug|Any CPU
		{F948EC55-7C41-443A-937B-6E82AE0FA2DA}.Debug|Any CPU.Build.0 = Debug|Any CPU
		{F948EC55-7C41-443A-937B-6E82AE0FA2DA}.Release|Any CPU.ActiveCfg = Release|Any CPU
		{F948EC55-7C41-443A-937B-6E82AE0FA2DA}.Release|Any CPU.Build.0 = Release|Any CPU
	EndGlobalSection
	GlobalSection(SolutionProperties) = preSolution
		HideSolutionNode = FALSE
	EndGlobalSection
	GlobalSection(ExtensibilityGlobals) = postSolution
		SolutionGuid = {E52D0281-025A-489B-9032-08B70F96A7E0}
	EndGlobalSection
EndGlobal
